
Microsoft Visual Studio Solution File, Format Version 12.00
# Visual Studio Version 16
VisualStudioVersion = 16.0.30011.22
MinimumVisualStudioVersion = 10.0.40219.1
Project("{FAE04EC0-301F-11D3-BF4B-00C04F79EFBC}") = "UIAutomationFramework", "UIAutomation\UIAutomationFramework.csproj", "{A343B206-477B-4055-964A-8F9FA97E2CED}"
EndProject
Project("{FAE04EC0-301F-11D3-BF4B-00C04F79EFBC}") = "UIAutomationForVacationDirect", "UIAutomationForVacationDirect\UIAutomationForVacationDirect.csproj", "{BB694A24-9487-46C8-858A-C20BF5CF8278}"
EndProject
Global
	GlobalSection(SolutionConfigurationPlatforms) = preSolution
		Debug|Any CPU = Debug|Any CPU
		Release|Any CPU = Release|Any CPU
	EndGlobalSection
	GlobalSection(ProjectConfigurationPlatforms) = postSolution
		{A343B206-477B-4055-964A-8F9FA97E2CED}.Debug|Any CPU.ActiveCfg = Debug|Any CPU
		{A343B206-477B-4055-964A-8F9FA97E2CED}.Debug|Any CPU.Build.0 = Debug|Any CPU
		{A343B206-477B-4055-964A-8F9FA97E2CED}.Release|Any CPU.ActiveCfg = Release|Any CPU
		{A343B206-477B-4055-964A-8F9FA97E2CED}.Release|Any CPU.Build.0 = Release|Any CPU
		{BB694A24-9487-46C8-858A-C20BF5CF8278}.Debug|Any CPU.ActiveCfg = Debug|Any CPU
		{BB694A24-9487-46C8-858A-C20BF5CF8278}.Debug|Any CPU.Build.0 = Debug|Any CPU
		{BB694A24-9487-46C8-858A-C20BF5CF8278}.Release|Any CPU.ActiveCfg = Release|Any CPU
		{BB694A24-9487-46C8-858A-C20BF5CF8278}.Release|Any CPU.Build.0 = Release|Any CPU
	EndGlobalSection
	GlobalSection(SolutionProperties) = preSolution
		HideSolutionNode = FALSE
	EndGlobalSection
	GlobalSection(ExtensibilityGlobals) = postSolution
		SolutionGuid = {01E34357-8C18-4142-8AB7-7BB517CA776C}
	EndGlobalSection
EndGlobal
